
Microsoft Visual Studio Solution File, Format Version 12.00
# Visual Studio 2017
Project("{FAE04EC0-301F-11D3-BF4B-00C04F79EFBC}") = "Bomberman - Starter", "Bomberman - Starter.csproj", "{2DC2D9A1-AB52-0720-7590-4C57EBEE034F}"
EndProject
Project("{FAE04EC0-301F-11D3-BF4B-00C04F79EFBC}") = "Bomberman - Starter.Editor.Plugins", "Bomberman - Starter.Editor.Plugins.csproj", "{D78CAA2D-7814-299C-5F03-8F631C7AE9FD}"
EndProject
Project("{FAE04EC0-301F-11D3-BF4B-00C04F79EFBC}") = "Bomberman - Starter.Editor", "Bomberman - Starter.Editor.csproj", "{7026F5F1-2660-BC91-5171-95419BBC794E}"
EndProject
Global
	GlobalSection(SolutionConfigurationPlatforms) = preSolution
		Debug|Any CPU = Debug|Any CPU
		Release|Any CPU = Release|Any CPU
	EndGlobalSection
	GlobalSection(ProjectConfigurationPlatforms) = postSolution
		{2DC2D9A1-AB52-0720-7590-4C57EBEE034F}.Debug|Any CPU.ActiveCfg = Debug|Any CPU
		{2DC2D9A1-AB52-0720-7590-4C57EBEE034F}.Debug|Any CPU.Build.0 = Debug|Any CPU
		{2DC2D9A1-AB52-0720-7590-4C57EBEE034F}.Release|Any CPU.ActiveCfg = Release|Any CPU
		{2DC2D9A1-AB52-0720-7590-4C57EBEE034F}.Release|Any CPU.Build.0 = Release|Any CPU
		{D78CAA2D-7814-299C-5F03-8F631C7AE9FD}.Debug|Any CPU.ActiveCfg = Debug|Any CPU
		{D78CAA2D-7814-299C-5F03-8F631C7AE9FD}.Debug|Any CPU.Build.0 = Debug|Any CPU
		{D78CAA2D-7814-299C-5F03-8F631C7AE9FD}.Release|Any CPU.ActiveCfg = Release|Any CPU
		{D78CAA2D-7814-299C-5F03-8F631C7AE9FD}.Release|Any CPU.Build.0 = Release|Any CPU
		{7026F5F1-2660-BC91-5171-95419BBC794E}.Debug|Any CPU.ActiveCfg = Debug|Any CPU
		{7026F5F1-2660-BC91-5171-95419BBC794E}.Debug|Any CPU.Build.0 = Debug|Any CPU
		{7026F5F1-2660-BC91-5171-95419BBC794E}.Release|Any CPU.ActiveCfg = Release|Any CPU
		{7026F5F1-2660-BC91-5171-95419BBC794E}.Release|Any CPU.Build.0 = Release|Any CPU
	EndGlobalSection
	GlobalSection(SolutionProperties) = preSolution
		HideSolutionNode = FALSE
	EndGlobalSection
EndGlobal
